github.com/Workiva/go-datastructures v1.0.50/go.mod h1:Z+F2Rca0qCsVYDS8z7bAGm8f3UkzuWYS/oBZz5a7VVA=
github.com/davecgh/go-spew v1.1.0/go.mod h1:J7Y8YcW2NihsgmVo/mv3lAwl/skON4iLHjSsI+c5H38=
github.com/davecgh/go-spew v1.1.1 h1:vj9j/u1bqnvCEfJOwUhtlOARqs3+rkHYY13jYWTU97c=
github.com/davecgh/go-spew v1.1.1/go.mod h1:J7Y8YcW2NihsgmVo/mv3lAwl/skON4iLHjSsI+c5H38=
github.com/golang-collections/go-datastructures v0.0.0-20150211160725-59788d5eb259/go.mod h1:9Qcha0gTWLw//0VNka1Cbnjvg3pNKGFdAm7E9sBabxE=
github.com/golang/protobuf v1.3.1 h1:YF8+flBXS5eO826T4nzqPrxfhQThhXl0YzfuUPu4SBg=
github.com/golang/protobuf v1.3.1/go.mod h1:6lQm79b+lXiMfvg/cZm0SGofjICqVBUtrP5yJMmIC1U=
github.com/kr/pretty v0.1.0 h1:L/CwN0zerZDmRFUapSPitk6f+Q3+0za1rQkzVuMiMFI=
github.com/kr/pretty v0.1.0/go.mod h1:dAy3ld7l9f0ibDNOQOHHMYYIIbhfbHSm3C4ZsoJORNo=
github.com/kr/pty v1.1.1/go.mod h1:pFQYn66WHrOpPYNljwOMqo10TkYh1fy3cYio2l3bCsQ=
github.com/kr/text v0.1.0 h1:45sCR5RtlFHMR4UwH9sdQ5TC8v0qDQCHnXt+kaKSTVE=
github.com/kr/text v0.1.0/go.mod h1:4Jbv+DJW3UT/LiOwJeYQe1efqtUx/iVham/4vfdArNI=
github.com/pmezard/go-difflib v1.0.0 h1:4DBwDE0NGyQoBHbLQYPwSUPoCMWR5BEzIk/f1lZbAQM=
github.com/pmezard/go-difflib v1.0.0/go.mod h1:iKH77koFhYxTK1pcRnkKkqfTogsbg7gZNVY4sRDYZ/4=
github.com/stretchr/objx v0.1.0/go.mod h1:HFkY916IF+rwdDfMAkV7OtwuqBVzrE8GR6GFx+wExME=
github.com/stretchr/testify v1.2.2/go.mod h1:a8OnRcib4nhh0OaRAV+Yts87kKdq0PP7pXfy6kDkUVs=
github.com/stretchr/testify v1.3.0 h1:TivCn/peBQ7UY8ooIcPgZFpTNSz0Q2U6UrFlUfqbe0Q=
github.com/stretchr/testify v1.3.0/go.mod h1:M5WIy9Dh21IEIfnGCwXGc5bZfKNJtfHm1UVUgZn+9EI=
github.com/umk/go-fslayer v1.0.0 h1:VcbC3zJKCWlOjqLiV6EpyEiuCiEWVl5OlOU075atsOk=
github.com/umk/go-fslayer v1.0.0/go.mod h1:zsrDfY9j0jcQ/IT2eSvLkGQPdEMV39Dd6VKTlJqiuXM=
github.com/umk/go-stringutil v1.0.1 h1:kpt+benpyHOy9SutM2I+vm84JSWd/D4TM/JC0fKZhKI=
github.com/umk/go-stringutil v1.0.1/go.mod h1:wGqlm7o0Bfip8s0t64W/w78z0hyRvyDpGTfJD3uEKp8=
github.com/umk/go-testutil v1.0.0 h1:m5vVxSM1koK5OLIySNEwLy2K3yiQD5HOAG08Me5xfBg=
github.com/umk/go-testutil v1.0.0/go.mod h1:946bSUtTa6OEzu+xWOGnMA4H7mNvh1JS71v1FUwEcA0=
golang.org/x/sys v0.0.0-20180903190138-2b024373dcd9 h1:lkiLiLBHGoH3XnqSLUIaBsilGMUjI+Uy2Xu2JLUtTas=
golang.org/x/sys v0.0.0-20180903190138-2b024373dcd9/go.mod h1:STP8DvDyc/dI5b8T5hshtkjS+E42TnysNCUPdjciGhY=
golang.org/x/sys v0.0.0-20190123074212-c6b37f3e9285 h1:b5t9HsJXzMmseFB6KtTJWSEtPP8SlVI5nFdf4hnoRFY=
golang.org/x/sys v0.0.0-20190123074212-c6b37f3e9285/go.mod h1:STP8DvDyc/dI5b8T5hshtkjS+E42TnysNCUPdjciGhY=
gopkg.in/check.v1 v1.0.0-20180628173108-788fd7840127 h1:qIbj1fsPNlZgppZ+VLlY7N33q108Sa+fhmuc+sWQYwY=
gopkg.in/check.v1 v1.0.0-20180628173108-788fd7840127/go.mod h1:Co6ibVJAznAaIkqp8huTwlJQCZ016jof/cbN4VW5Yz0=
gopkg.in/src-d/go-billy.v4 v4.3.0 h1:KtlZ4c1OWbIs4jCv5ZXrTqG8EQocr0g/d4DjNg70aek=
gopkg.in/src-d/go-billy.v4 v4.3.0/go.mod h1:tm33zBoOwxjYHZIE+OV8bxTWFMJLrconzFMd38aARFk=
