github.com/Workiva/go-datastructures v1.0.50/go.mod h1:Z+F2Rca0qCsVYDS8z7bAGm8f3UkzuWYS/oBZz5a7VVA=
github.com/davecgh/go-spew v1.1.1 h1:vj9j/u1bqnvCEfJOwUhtlOARqs3+rkHYY13jYWTU97c=
github.com/davecgh/go-spew v1.1.1/go.mod h1:J7Y8YcW2NihsgmVo/mv3lAwl/skON4iLHjSsI+c5H38=
github.com/golang-collections/go-datastructures v0.0.0-20150211160725-59788d5eb259/go.mod h1:9Qcha0gTWLw//0VNka1Cbnjvg3pNKGFdAm7E9sBabxE=
github.com/konsorten/go-windows-terminal-sequences v1.0.1/go.mod h1:T0+1ngSBFLxvqU3pZ+m/2kptfBszLMUkC4ZK/EgS/cQ=
github.com/kr/pretty v0.1.0/go.mod h1:dAy3ld7l9f0ibDNOQOHHMYYIIbhfbHSm3C4ZsoJORNo=
github.com/kr/pty v1.1.1/go.mod h1:pFQYn66WHrOpPYNljwOMqo10TkYh1fy3cYio2l3bCsQ=
github.com/kr/text v0.1.0/go.mod h1:4Jbv+DJW3UT/LiOwJeYQe1efqtUx/iVham/4vfdArNI=
github.com/pmezard/go-difflib v1.0.0 h1:4DBwDE0NGyQoBHbLQYPwSUPoCMWR5BEzIk/f1lZbAQM=
github.com/pmezard/go-difflib v1.0.0/go.mod h1:iKH77koFhYxTK1pcRnkKkqfTogsbg7gZNVY4sRDYZ/4=
github.com/sirupsen/logrus v1.2.0 h1:juTguoYk5qI21pwyTXY3B3Y5cOTH3ZUyZCg1v/mihuo=
github.com/sirupsen/logrus v1.2.0/go.mod h1:LxeOpSwHxABJmUn/MG1IvRgCAasNZTLOkJPxbbu5VWo=
github.com/stretchr/objx v0.1.1/go.mod h1:HFkY916IF+rwdDfMAkV7OtwuqBVzrE8GR6GFx+wExME=
github.com/stretchr/testify v1.2.2 h1:bSDNvY7ZPG5RlJ8otE/7V6gMiyenm9RtJ7IUVIAoJ1w=
github.com/stretchr/testify v1.2.2/go.mod h1:a8OnRcib4nhh0OaRAV+Yts87kKdq0PP7pXfy6kDkUVs=
github.com/umk/go-fslayer v0.0.0-20181104181102-adf288639890 h1:3DdDBawRrwIPQ0hkjs6p7PC+UFXWN4YdWJOUdDl398w=
github.com/umk/go-fslayer v0.0.0-20181104181102-adf288639890/go.mod h1:zsrDfY9j0jcQ/IT2eSvLkGQPdEMV39Dd6VKTlJqiuXM=
github.com/umk/go-memutil v0.0.0-20181104161223-da368e6ac658 h1:TFe/Gqq2pufxAI2Z+JaQcMl7W7J2mFiW2mhDjlqoHV4=
github.com/umk/go-memutil v0.0.0-20181104161223-da368e6ac658/go.mod h1:1a6yFGIYl+NelprFO1sj2PspGNnJRxD1dcvZleX6daA=
github.com/umk/go-pointerutil v0.0.0-20181104154055-78a822b54799 h1:B+pafrutPLG/FrPtzBdB5oqxwwRYYyvE/AR9rwuESKo=
github.com/umk/go-pointerutil v0.0.0-20181104154055-78a822b54799/go.mod h1:zMs5jIbu7eBquFAJmGs0yIRFo/c91eAFlqifYwj2vGg=
github.com/umk/go-stringutil v0.0.0-20181104161609-403ce41e5e0e h1:W8IxkVKshrFrPrAKI3kBj4vvpqPr1evhyXSOYP3DI4U=
github.com/umk/go-stringutil v0.0.0-20181104161609-403ce41e5e0e/go.mod h1:wGqlm7o0Bfip8s0t64W/w78z0hyRvyDpGTfJD3uEKp8=
github.com/umk/go-testutil v0.0.0-20181104155200-f9790573668c h1:XF2odF0LWhNo/Z3kGjif8iMNKsWi8T9awtnfB+m0744=
github.com/umk/go-testutil v0.0.0-20181104155200-f9790573668c/go.mod h1:946bSUtTa6OEzu+xWOGnMA4H7mNvh1JS71v1FUwEcA0=
github.com/umk/protobuf v1.0.0 h1:3EN5a1itIx7qZgxko5jzTMxHv2G2eJCb09NYtTCOTL4=
github.com/umk/protobuf v1.0.0/go.mod h1:6XbWRt9Cjqw7f1Ay4YmpTD32mIpivwaokh6C3lqxo9U=
golang.org/x/crypto v0.0.0-20180904163835-0709b304e793 h1:u+LnwYTOOW7Ukr/fppxEb1Nwz0AtPflrblfvUudpo+I=
golang.org/x/crypto v0.0.0-20180904163835-0709b304e793/go.mod h1:6SG95UA2DQfeDnfUPMdvaQW0Q7yPrPDi9nlGo2tz2b4=
golang.org/x/sys v0.0.0-20180903190138-2b024373dcd9/go.mod h1:STP8DvDyc/dI5b8T5hshtkjS+E42TnysNCUPdjciGhY=
golang.org/x/sys v0.0.0-20180905080454-ebe1bf3edb33 h1:I6FyU15t786LL7oL/hn43zqTuEGr4PN7F4XJ1p4E3Y8=
golang.org/x/sys v0.0.0-20180905080454-ebe1bf3edb33/go.mod h1:STP8DvDyc/dI5b8T5hshtkjS+E42TnysNCUPdjciGhY=
gopkg.in/check.v1 v1.0.0-20180628173108-788fd7840127/go.mod h1:Co6ibVJAznAaIkqp8huTwlJQCZ016jof/cbN4VW5Yz0=
gopkg.in/src-d/go-billy.v4 v4.3.0 h1:KtlZ4c1OWbIs4jCv5ZXrTqG8EQocr0g/d4DjNg70aek=
gopkg.in/src-d/go-billy.v4 v4.3.0/go.mod h1:tm33zBoOwxjYHZIE+OV8bxTWFMJLrconzFMd38aARFk=
